
Microsoft Visual Studio Solution File, Format Version 12.00
Project("{FAE04EC0-301F-11D3-BF4B-00C04F79EFBC}") = "AdventOfCode2022", "AdventOfCode2022\AdventOfCode2022.csproj", "{9B3DDFF8-2AB9-4B0D-912A-4FC42D0E3C06}"
EndProject
Project("{FAE04EC0-301F-11D3-BF4B-00C04F79EFBC}") = "AdventOfCode2022.Tests", "AdventOfCode2022.Tests\AdventOfCode2022.Tests.csproj", "{A95B562D-A800-42E2-8D0C-13B89494C48D}"
EndProject
Global
	GlobalSection(SolutionConfigurationPlatforms) = preSolution
		Debug|Any CPU = Debug|Any CPU
		Release|Any CPU = Release|Any CPU
	EndGlobalSection
	GlobalSection(ProjectConfigurationPlatforms) = postSolution
		{9B3DDFF8-2AB9-4B0D-912A-4FC42D0E3C06}.Debug|Any CPU.ActiveCfg = Debug|Any CPU
		{9B3DDFF8-2AB9-4B0D-912A-4FC42D0E3C06}.Debug|Any CPU.Build.0 = Debug|Any CPU
		{9B3DDFF8-2AB9-4B0D-912A-4FC42D0E3C06}.Release|Any CPU.ActiveCfg = Release|Any CPU
		{9B3DDFF8-2AB9-4B0D-912A-4FC42D0E3C06}.Release|Any CPU.Build.0 = Release|Any CPU
		{A95B562D-A800-42E2-8D0C-13B89494C48D}.Debug|Any CPU.ActiveCfg = Debug|Any CPU
		{A95B562D-A800-42E2-8D0C-13B89494C48D}.Debug|Any CPU.Build.0 = Debug|Any CPU
		{A95B562D-A800-42E2-8D0C-13B89494C48D}.Release|Any CPU.ActiveCfg = Release|Any CPU
		{A95B562D-A800-42E2-8D0C-13B89494C48D}.Release|Any CPU.Build.0 = Release|Any CPU
	EndGlobalSection
EndGlobal
